
Microsoft Visual Studio Solution File, Format Version 12.00
# Visual Studio Version 16
# Pete G testing forking
VisualStudioVersion = 16.0.29509.3
MinimumVisualStudioVersion = 10.0.40219.1
Project("{F184B08F-C81C-45F6-A57F-5ABD9991F28F}") = "HBSA Web Application", "HBSA Web Application\HBSA Web Application.vbproj", "{DCC10F7A-A0FE-43CA-8815-AD6A892DF40B}"
EndProject
Project("{FAE04EC0-301F-11D3-BF4B-00C04F79EFBC}") = "HBSAcodeLibrary", "HBSAcodeLibrary\HBSAcodeLibrary.csproj", "{845F6A64-85B7-4627-BD91-353AD1C41000}"
EndProject
Global
	GlobalSection(SolutionConfigurationPlatforms) = preSolution
		Debug|Any CPU = Debug|Any CPU
		Release|Any CPU = Release|Any CPU
	EndGlobalSection
	GlobalSection(ProjectConfigurationPlatforms) = postSolution
		{DCC10F7A-A0FE-43CA-8815-AD6A892DF40B}.Debug|Any CPU.ActiveCfg = Debug|Any CPU
		{DCC10F7A-A0FE-43CA-8815-AD6A892DF40B}.Debug|Any CPU.Build.0 = Debug|Any CPU
		{DCC10F7A-A0FE-43CA-8815-AD6A892DF40B}.Release|Any CPU.ActiveCfg = Release|Any CPU
		{DCC10F7A-A0FE-43CA-8815-AD6A892DF40B}.Release|Any CPU.Build.0 = Release|Any CPU
		{845F6A64-85B7-4627-BD91-353AD1C41000}.Debug|Any CPU.ActiveCfg = Debug|Any CPU
		{845F6A64-85B7-4627-BD91-353AD1C41000}.Debug|Any CPU.Build.0 = Debug|Any CPU
		{845F6A64-85B7-4627-BD91-353AD1C41000}.Release|Any CPU.ActiveCfg = Release|Any CPU
		{845F6A64-85B7-4627-BD91-353AD1C41000}.Release|Any CPU.Build.0 = Release|Any CPU
	EndGlobalSection
	GlobalSection(SolutionProperties) = preSolution
		HideSolutionNode = FALSE
	EndGlobalSection
	GlobalSection(ExtensibilityGlobals) = postSolution
		SolutionGuid = {BBDB5F79-36C4-4D63-8572-7586C152E779}
	EndGlobalSection
	GlobalSection(TeamFoundationVersionControl) = preSolution
		SccNumberOfProjects = 3
		SccEnterpriseProvider = {4CA58AB2-18FA-4F8D-95D4-32DDF27D184C}
		SccTeamFoundationServer = https://dev.azure.com/hbsa
		SccLocalPath0 = .
		SccProjectUniqueName1 = HBSA\u0020Web\u0020Application\\HBSA\u0020Web\u0020Application.vbproj
		SccProjectName1 = HBSA\u0020Web\u0020Application
		SccLocalPath1 = HBSA\u0020Web\u0020Application
		SccProjectUniqueName2 = HBSAcodeLibrary\\HBSAcodeLibrary.csproj
		SccProjectName2 = HBSAcodeLibrary
		SccLocalPath2 = HBSAcodeLibrary
	EndGlobalSection
EndGlobal
